
Microsoft Visual Studio Solution File, Format Version 12.00
# Visual Studio Version 16
VisualStudioVersion = 16.0.29613.14
MinimumVisualStudioVersion = 10.0.40219.1
Project("{8BC9CEB8-8B4A-11D0-8D11-00A0C91BC942}") = "OPCClient", "OPCClient\OPCClient.vcxproj", "{F652537C-CCCE-47F7-9DB9-1E829FE8242E}"
EndProject
Project("{8BC9CEB8-8B4A-11D0-8D11-00A0C91BC942}") = "OPCClientTest", "OPCClientTest\OPCClientTest.vcxproj", "{3DD34F1D-4507-413B-9D13-ED4ACF2787F3}"
EndProject
Project("{FAE04EC0-301F-11D3-BF4B-00C04F79EFBC}") = "OPCLibrary", "OPCLibrary\OPCLibrary.csproj", "{D4CDCBDB-8B3F-4297-BF94-4A3F93E91D1C}"
EndProject
Project("{FAE04EC0-301F-11D3-BF4B-00C04F79EFBC}") = "OPCLibraryTest", "OPCLibraryTest\OPCLibraryTest.csproj", "{9B8929C9-F93B-4D02-8250-A323EED5DF4C}"
EndProject
Global
	GlobalSection(SolutionConfigurationPlatforms) = preSolution
		Debug|Any CPU = Debug|Any CPU
		Debug|x64 = Debug|x64
		Debug|x86 = Debug|x86
		Release|Any CPU = Release|Any CPU
		Release|x64 = Release|x64
		Release|x86 = Release|x86
	EndGlobalSection
	GlobalSection(ProjectConfigurationPlatforms) = postSolution
		{F652537C-CCCE-47F7-9DB9-1E829FE8242E}.Debug|Any CPU.ActiveCfg = Debug|Win32
		{F652537C-CCCE-47F7-9DB9-1E829FE8242E}.Debug|x64.ActiveCfg = Debug|x64
		{F652537C-CCCE-47F7-9DB9-1E829FE8242E}.Debug|x64.Build.0 = Debug|x64
		{F652537C-CCCE-47F7-9DB9-1E829FE8242E}.Debug|x86.ActiveCfg = Debug|Win32
		{F652537C-CCCE-47F7-9DB9-1E829FE8242E}.Debug|x86.Build.0 = Debug|Win32
		{F652537C-CCCE-47F7-9DB9-1E829FE8242E}.Release|Any CPU.ActiveCfg = Release|Win32
		{F652537C-CCCE-47F7-9DB9-1E829FE8242E}.Release|x64.ActiveCfg = Release|x64
		{F652537C-CCCE-47F7-9DB9-1E829FE8242E}.Release|x64.Build.0 = Release|x64
		{F652537C-CCCE-47F7-9DB9-1E829FE8242E}.Release|x86.ActiveCfg = Release|Win32
		{F652537C-CCCE-47F7-9DB9-1E829FE8242E}.Release|x86.Build.0 = Release|Win32
		{3DD34F1D-4507-413B-9D13-ED4ACF2787F3}.Debug|Any CPU.ActiveCfg = Debug|Win32
		{3DD34F1D-4507-413B-9D13-ED4ACF2787F3}.Debug|x64.ActiveCfg = Debug|x64
		{3DD34F1D-4507-413B-9D13-ED4ACF2787F3}.Debug|x64.Build.0 = Debug|x64
		{3DD34F1D-4507-413B-9D13-ED4ACF2787F3}.Debug|x86.ActiveCfg = Debug|Win32
		{3DD34F1D-4507-413B-9D13-ED4ACF2787F3}.Debug|x86.Build.0 = Debug|Win32
		{3DD34F1D-4507-413B-9D13-ED4ACF2787F3}.Release|Any CPU.ActiveCfg = Release|Win32
		{3DD34F1D-4507-413B-9D13-ED4ACF2787F3}.Release|x64.ActiveCfg = Release|x64
		{3DD34F1D-4507-413B-9D13-ED4ACF2787F3}.Release|x64.Build.0 = Release|x64
		{3DD34F1D-4507-413B-9D13-ED4ACF2787F3}.Release|x86.ActiveCfg = Release|Win32
		{3DD34F1D-4507-413B-9D13-ED4ACF2787F3}.Release|x86.Build.0 = Release|Win32
		{D4CDCBDB-8B3F-4297-BF94-4A3F93E91D1C}.Debug|Any CPU.ActiveCfg = Debug|Any CPU
		{D4CDCBDB-8B3F-4297-BF94-4A3F93E91D1C}.Debug|Any CPU.Build.0 = Debug|Any CPU
		{D4CDCBDB-8B3F-4297-BF94-4A3F93E91D1C}.Debug|x64.ActiveCfg = Debug|Any CPU
		{D4CDCBDB-8B3F-4297-BF94-4A3F93E91D1C}.Debug|x64.Build.0 = Debug|Any CPU
		{D4CDCBDB-8B3F-4297-BF94-4A3F93E91D1C}.Debug|x86.ActiveCfg = Debug|Any CPU
		{D4CDCBDB-8B3F-4297-BF94-4A3F93E91D1C}.Debug|x86.Build.0 = Debug|Any CPU
		{D4CDCBDB-8B3F-4297-BF94-4A3F93E91D1C}.Release|Any CPU.ActiveCfg = Release|Any CPU
		{D4CDCBDB-8B3F-4297-BF94-4A3F93E91D1C}.Release|Any CPU.Build.0 = Release|Any CPU
		{D4CDCBDB-8B3F-4297-BF94-4A3F93E91D1C}.Release|x64.ActiveCfg = Release|Any CPU
		{D4CDCBDB-8B3F-4297-BF94-4A3F93E91D1C}.Release|x64.Build.0 = Release|Any CPU
		{D4CDCBDB-8B3F-4297-BF94-4A3F93E91D1C}.Release|x86.ActiveCfg = Release|Any CPU
		{D4CDCBDB-8B3F-4297-BF94-4A3F93E91D1C}.Release|x86.Build.0 = Release|Any CPU
		{9B8929C9-F93B-4D02-8250-A323EED5DF4C}.Debug|Any CPU.ActiveCfg = Debug|Any CPU
		{9B8929C9-F93B-4D02-8250-A323EED5DF4C}.Debug|Any CPU.Build.0 = Debug|Any CPU
		{9B8929C9-F93B-4D02-8250-A323EED5DF4C}.Debug|x64.ActiveCfg = Debug|Any CPU
		{9B8929C9-F93B-4D02-8250-A323EED5DF4C}.Debug|x64.Build.0 = Debug|Any CPU
		{9B8929C9-F93B-4D02-8250-A323EED5DF4C}.Debug|x86.ActiveCfg = Debug|Any CPU
		{9B8929C9-F93B-4D02-8250-A323EED5DF4C}.Debug|x86.Build.0 = Debug|Any CPU
		{9B8929C9-F93B-4D02-8250-A323EED5DF4C}.Release|Any CPU.ActiveCfg = Release|Any CPU
		{9B8929C9-F93B-4D02-8250-A323EED5DF4C}.Release|Any CPU.Build.0 = Release|Any CPU
		{9B8929C9-F93B-4D02-8250-A323EED5DF4C}.Release|x64.ActiveCfg = Release|Any CPU
		{9B8929C9-F93B-4D02-8250-A323EED5DF4C}.Release|x64.Build.0 = Release|Any CPU
		{9B8929C9-F93B-4D02-8250-A323EED5DF4C}.Release|x86.ActiveCfg = Release|Any CPU
		{9B8929C9-F93B-4D02-8250-A323EED5DF4C}.Release|x86.Build.0 = Release|Any CPU
	EndGlobalSection
	GlobalSection(SolutionProperties) = preSolution
		HideSolutionNode = FALSE
	EndGlobalSection
	GlobalSection(ExtensibilityGlobals) = postSolution
		SolutionGuid = {90BDD455-B022-4C5F-8DFD-5B7686281EA6}
	EndGlobalSection
EndGlobal
